PackratFormat: 1.4
PackratVersion: 0.5.0
RVersion: 3.5.1
Repos: CRAN=https://cran.rstudio.com/

Package: BH
Source: CRAN
Version: 1.69.0-1
Hash: 15f597ed227897f4f793b6161260f4b9

Package: R.methodsS3
Source: CRAN
Version: 1.7.1
Hash: 99f841ba1614c005e6672c5fb01b352a

Package: R.oo
Source: CRAN
Version: 1.22.0
Hash: c37ded09136c4ae98b9c73cf42dee3c8
Requires: R.methodsS3

Package: R.utils
Source: CRAN
Version: 2.7.0
Hash: 9f29899983c73318af90c97bca2e22ab
Requires: R.methodsS3, R.oo

Package: R6
Source: CRAN
Version: 2.4.0
Hash: 948a547c484e5bea15eee76cc53cce3f

Package: RColorBrewer
Source: CRAN
Version: 1.1-2
Hash: c0d56cd15034f395874c870141870c25

Package: Rcpp
Source: CRAN
Version: 1.0.0
Hash: c7273c0f0bc9f5e41f4c52a8cf571f0f

Package: colorspace
Source: CRAN
Version: 1.4-0
Hash: 5eef58a5bcfd315a326eeaf43720cd26

Package: crayon
Source: CRAN
Version: 1.3.4
Hash: ff2840dd9b0d563fc80377a5a45510cd

Package: digest
Source: CRAN
Version: 0.6.18
Hash: 65f62365ec69ddd17230d2ffe891a6ab

Package: htmltools
Source: CRAN
Version: 0.3.6
Hash: 9707abea0a9b7406e98fb1242e97e1f6
Requires: Rcpp, digest

Package: httpuv
Source: CRAN
Version: 1.4.5.1
Hash: d9e43248a4355da57d5e29260e962c95
Requires: BH, Rcpp, later, promises

Package: jsonlite
Source: CRAN
Version: 1.6
Hash: 5f969e213e966135393e3e304abf3f49

Package: labeling
Source: CRAN
Version: 0.3
Hash: ecf589b42cd284b03a4beb9665482d3e

Package: later
Source: CRAN
Version: 0.8.0
Hash: 6628995e683466b279077e796a4f0a1c
Requires: BH, Rcpp, rlang

Package: magrittr
Source: CRAN
Version: 1.5
Hash: bdc4d48c3135e8f3b399536ddf160df4

Package: mime
Source: CRAN
Version: 0.6
Hash: 2ed8f98b8284ad733f3907fc6e2f1334

Package: munsell
Source: CRAN
Version: 0.5.0
Hash: 38d0efee9bb99bef143bde41c4ce715c
Requires: colorspace

Package: packrat
Source: CRAN
Version: 0.5.0
Hash: 498643e765d1442ba7b1160a1df3abf9

Package: promises
Source: CRAN
Version: 1.0.1
Hash: 9bd4f07515f0bb5e649fa9a91a387ec9
Requires: R6, Rcpp, later, magrittr, rlang

Package: purrr
Source: CRAN
Version: 0.3.0
Hash: 39be04d964bc2b860f09147ce4b8e2ef
Requires: magrittr, rlang

Package: rlang
Source: CRAN
Version: 0.3.1
Hash: 1176a91e0c23d4fc8f48bc5704a6f826

Package: scales
Source: CRAN
Version: 1.0.0
Hash: 7d9b717abcec656ae7c5c982d72b75e5
Requires: R6, RColorBrewer, Rcpp, labeling, munsell, viridisLite

Package: shiny
Source: CRAN
Version: 1.2.0
Hash: 6853126283ff0572d9f370a1520ac831
Requires: R6, crayon, digest, htmltools, httpuv, jsonlite, later, mime,
    promises, rlang, sourcetools, xtable

Package: shinyBS
Source: CRAN
Version: 0.61
Hash: 4644935bd93e62a0b82686b26af7efc2
Requires: htmltools, shiny

Package: shinyWidgets
Source: github
Version: 0.4.4.970
Hash: 45ade416e25cc0c3815b2c57eb14fc94
Requires: htmltools, jsonlite, scales, shiny
GithubRepo: shinyWidgets
GithubUsername: dreamRs
GithubRef: master
GithubSha1: 46e5abedc22835e4755ce32c31c0a060b4a8dd36
RemoteHost: api.github.com
RemoteRepo: shinyWidgets
RemoteUsername: dreamRs
RemoteRef: master
RemoteSha: 46e5abedc22835e4755ce32c31c0a060b4a8dd36

Package: sourcetools
Source: CRAN
Version: 0.1.7
Hash: d093478ac90064e670cd4bf1a99b47b6

Package: viridisLite
Source: CRAN
Version: 0.3.0
Hash: 78bb072c4f9e729a283d4c40ec93f9c6

Package: xtable
Source: CRAN
Version: 1.8-3
Hash: 91199102994584c5f0e8cbba5582ecc4
